
Microsoft Visual Studio Solution File, Format Version 12.00
# Visual Studio Version 16
VisualStudioVersion = 16.0.30523.141
MinimumVisualStudioVersion = 10.0.40219.1
Project("{8BC9CEB8-8B4A-11D0-8D11-00A0C91BC942}") = "КГВ 3 ласт", "КГВ 3 ласт.vcxproj", "{D64A1DBA-F559-4453-B037-77B98EE20BA6}"
EndProject
Global
	GlobalSection(SolutionConfigurationPlatforms) = preSolution
		Debug|x64 = Debug|x64
		Debug|x86 = Debug|x86
		Release|x64 = Release|x64
		Release|x86 = Release|x86
	EndGlobalSection
	GlobalSection(ProjectConfigurationPlatforms) = postSolution
		{D64A1DBA-F559-4453-B037-77B98EE20BA6}.Debug|x64.ActiveCfg = Debug|x64
		{D64A1DBA-F559-4453-B037-77B98EE20BA6}.Debug|x64.Build.0 = Debug|x64
		{D64A1DBA-F559-4453-B037-77B98EE20BA6}.Debug|x86.ActiveCfg = Debug|Win32
		{D64A1DBA-F559-4453-B037-77B98EE20BA6}.Debug|x86.Build.0 = Debug|Win32
		{D64A1DBA-F559-4453-B037-77B98EE20BA6}.Release|x64.ActiveCfg = Release|x64
		{D64A1DBA-F559-4453-B037-77B98EE20BA6}.Release|x64.Build.0 = Release|x64
		{D64A1DBA-F559-4453-B037-77B98EE20BA6}.Release|x86.ActiveCfg = Release|Win32
		{D64A1DBA-F559-4453-B037-77B98EE20BA6}.Release|x86.Build.0 = Release|Win32
	EndGlobalSection
	GlobalSection(SolutionProperties) = preSolution
		HideSolutionNode = FALSE
	EndGlobalSection
	GlobalSection(ExtensibilityGlobals) = postSolution
		SolutionGuid = {8D2A09BA-F8CE-4080-9106-7875F21CC316}
	EndGlobalSection
EndGlobal
